// !$*UTF8*$!
{
	archiveVersion = 1;
	classes = {
	};
	objectVersion = 56;
	objects = {

/* Begin PBXBuildFile section */
		04043A7C2A18DC6B00172E63 /* ComposableScrumdingerApp.swift in Sources */ = {isa = PBXBuildFile; fileRef = 04043A7B2A18DC6B00172E63 /* ComposableScrumdingerApp.swift */; };
		04043A7E2A18DC6B00172E63 /* MeetingView.swift in Sources */ = {isa = PBXBuildFile; fileRef = 04043A7D2A18DC6B00172E63 /* MeetingView.swift */; };
		04043A802A18DC6D00172E63 /* Assets.xcassets in Resources */ = {isa = PBXBuildFile; fileRef = 04043A7F2A18DC6D00172E63 /* Assets.xcassets */; };
		04043A832A18DC6D00172E63 /* Preview Assets.xcassets in Resources */ = {isa = PBXBuildFile; fileRef = 04043A822A18DC6D00172E63 /* Preview Assets.xcassets */; };
		04043A8B2A18ED8300172E63 /* Theme.swift in Sources */ = {isa = PBXBuildFile; fileRef = 04043A8A2A18ED8300172E63 /* Theme.swift */; };
		04043A8D2A18EE4200172E63 /* DailyScrum.swift in Sources */ = {isa = PBXBuildFile; fileRef = 04043A8C2A18EE4200172E63 /* DailyScrum.swift */; };
		04043A8F2A18EE9F00172E63 /* CardView.swift in Sources */ = {isa = PBXBuildFile; fileRef = 04043A8E2A18EE9F00172E63 /* CardView.swift */; };
		04043A912A18F37D00172E63 /* TrailingIconLabelStyle.swift in Sources */ = {isa = PBXBuildFile; fileRef = 04043A902A18F37D00172E63 /* TrailingIconLabelStyle.swift */; };
		04043A932A18F6D300172E63 /* ScrumsView.swift in Sources */ = {isa = PBXBuildFile; fileRef = 04043A922A18F6D300172E63 /* ScrumsView.swift */; };
		04043A952A19318100172E63 /* DetailView.swift in Sources */ = {isa = PBXBuildFile; fileRef = 04043A942A19318100172E63 /* DetailView.swift */; };
		04621F462A1E43D900D9C769 /* SpeechRecognizer.swift in Sources */ = {isa = PBXBuildFile; fileRef = 04621F452A1E43D900D9C769 /* SpeechRecognizer.swift */; };
		04621F4E2A1E48C900D9C769 /* HistoryView.swift in Sources */ = {isa = PBXBuildFile; fileRef = 04621F4D2A1E48C900D9C769 /* HistoryView.swift */; };
		047421242A1BCF1F00B9B04A /* ScrumStore.swift in Sources */ = {isa = PBXBuildFile; fileRef = 047421232A1BCF1F00B9B04A /* ScrumStore.swift */; };
		047421262A1BE96F00B9B04A /* ErrorWrapper.swift in Sources */ = {isa = PBXBuildFile; fileRef = 047421252A1BE96F00B9B04A /* ErrorWrapper.swift */; };
		047421282A1BE97D00B9B04A /* ErrorView.swift in Sources */ = {isa = PBXBuildFile; fileRef = 047421272A1BE97D00B9B04A /* ErrorView.swift */; };
		0474212A2A1C214A00B9B04A /* MeetingTimerView.swift in Sources */ = {isa = PBXBuildFile; fileRef = 047421292A1C214A00B9B04A /* MeetingTimerView.swift */; };
		0474212E2A1C21E000B9B04A /* SpeakerArc.swift in Sources */ = {isa = PBXBuildFile; fileRef = 0474212D2A1C21E000B9B04A /* SpeakerArc.swift */; };
		047421302A1C24DA00B9B04A /* ScrumTimer.swift in Sources */ = {isa = PBXBuildFile; fileRef = 0474212F2A1C24DA00B9B04A /* ScrumTimer.swift */; };
		0492EA452A1A60A700114DAD /* MeetingHeaderView.swift in Sources */ = {isa = PBXBuildFile; fileRef = 0492EA442A1A60A700114DAD /* MeetingHeaderView.swift */; };
		0492EA472A1A61BC00114DAD /* ScrumProgressViewStyle.swift in Sources */ = {isa = PBXBuildFile; fileRef = 0492EA462A1A61BC00114DAD /* ScrumProgressViewStyle.swift */; };
		0492EA4B2A1A63EE00114DAD /* MeetingFooterView.swift in Sources */ = {isa = PBXBuildFile; fileRef = 0492EA4A2A1A63EE00114DAD /* MeetingFooterView.swift */; };
		0492EA4D2A1A68FD00114DAD /* AVPlayer+Ding.swift in Sources */ = {isa = PBXBuildFile; fileRef = 0492EA4C2A1A68FD00114DAD /* AVPlayer+Ding.swift */; };
		0492EA4F2A1A6A1600114DAD /* NewScrumSheet.swift in Sources */ = {isa = PBXBuildFile; fileRef = 0492EA4E2A1A6A1600114DAD /* NewScrumSheet.swift */; };
		0492EA512A1A6B6F00114DAD /* History.swift in Sources */ = {isa = PBXBuildFile; fileRef = 0492EA502A1A6B6F00114DAD /* History.swift */; };
		04D460F02A19AA6A0027A163 /* DetailEditView.swift in Sources */ = {isa = PBXBuildFile; fileRef = 04D460EF2A19AA6A0027A163 /* DetailEditView.swift */; };
		04D460F22A19AD4D0027A163 /* ThemeView.swift in Sources */ = {isa = PBXBuildFile; fileRef = 04D460F12A19AD4D0027A163 /* ThemeView.swift */; };
		04D460F42A19ADAB0027A163 /* ThemePicker.swift in Sources */ = {isa = PBXBuildFile; fileRef = 04D460F32A19ADAB0027A163 /* ThemePicker.swift */; };
/* End PBXBuildFile section */

/* Begin PBXFileReference section */
		04043A782A18DC6B00172E63 /* ComposableScrumdinger.app */ = {isa = PBXFileReference; explicitFileType = wrapper.application; includeInIndex = 0; path = ComposableScrumdinger.app; sourceTree = BUILT_PRODUCTS_DIR; };
		04043A7B2A18DC6B00172E63 /* ComposableScrumdingerApp.swift */ = {isa = PBXFileReference; lastKnownFileType = sourcecode.swift; path = ComposableScrumdingerApp.swift; sourceTree = "<group>"; };
		04043A7D2A18DC6B00172E63 /* MeetingView.swift */ = {isa = PBXFileReference; lastKnownFileType = sourcecode.swift; path = MeetingView.swift; sourceTree = "<group>"; };
		04043A7F2A18DC6D00172E63 /* Assets.xcassets */ = {isa = PBXFileReference; lastKnownFileType = folder.assetcatalog; path = Assets.xcassets; sourceTree = "<group>"; };
		04043A822A18DC6D00172E63 /* Preview Assets.xcassets */ = {isa = PBXFileReference; lastKnownFileType = folder.assetcatalog; path = "Preview Assets.xcassets"; sourceTree = "<group>"; };
		04043A8A2A18ED8300172E63 /* Theme.swift */ = {isa = PBXFileReference; lastKnownFileType = sourcecode.swift; path = Theme.swift; sourceTree = "<group>"; };
		04043A8C2A18EE4200172E63 /* DailyScrum.swift */ = {isa = PBXFileReference; lastKnownFileType = sourcecode.swift; path = DailyScrum.swift; sourceTree = "<group>"; };
		04043A8E2A18EE9F00172E63 /* CardView.swift */ = {isa = PBXFileReference; lastKnownFileType = sourcecode.swift; path = CardView.swift; sourceTree = "<group>"; };
		04043A902A18F37D00172E63 /* TrailingIconLabelStyle.swift */ = {isa = PBXFileReference; lastKnownFileType = sourcecode.swift; path = TrailingIconLabelStyle.swift; sourceTree = "<group>"; };
		04043A922A18F6D300172E63 /* ScrumsView.swift */ = {isa = PBXFileReference; lastKnownFileType = sourcecode.swift; path = ScrumsView.swift; sourceTree = "<group>"; };
		04043A942A19318100172E63 /* DetailView.swift */ = {isa = PBXFileReference; lastKnownFileType = sourcecode.swift; path = DetailView.swift; sourceTree = "<group>"; };
		04621F442A1E42C900D9C769 /* Info.plist */ = {isa = PBXFileReference; lastKnownFileType = text.plist; path = Info.plist; sourceTree = "<group>"; };
		04621F452A1E43D900D9C769 /* SpeechRecognizer.swift */ = {isa = PBXFileReference; fileEncoding = 4; lastKnownFileType = sourcecode.swift; path = SpeechRecognizer.swift; sourceTree = "<group>"; };
		04621F4D2A1E48C900D9C769 /* HistoryView.swift */ = {isa = PBXFileReference; lastKnownFileType = sourcecode.swift; path = HistoryView.swift; sourceTree = "<group>"; };
		047421232A1BCF1F00B9B04A /* ScrumStore.swift */ = {isa = PBXFileReference; lastKnownFileType = sourcecode.swift; path = ScrumStore.swift; sourceTree = "<group>"; };
		047421252A1BE96F00B9B04A /* ErrorWrapper.swift */ = {isa = PBXFileReference; lastKnownFileType = sourcecode.swift; path = ErrorWrapper.swift; sourceTree = "<group>"; };
		047421272A1BE97D00B9B04A /* ErrorView.swift */ = {isa = PBXFileReference; lastKnownFileType = sourcecode.swift; path = ErrorView.swift; sourceTree = "<group>"; };
		047421292A1C214A00B9B04A /* MeetingTimerView.swift */ = {isa = PBXFileReference; fileEncoding = 4; lastKnownFileType = sourcecode.swift; path = MeetingTimerView.swift; sourceTree = "<group>"; };
		0474212D2A1C21E000B9B04A /* SpeakerArc.swift */ = {isa = PBXFileReference; fileEncoding = 4; lastKnownFileType = sourcecode.swift; path = SpeakerArc.swift; sourceTree = "<group>"; };
		0474212F2A1C24DA00B9B04A /* ScrumTimer.swift */ = {isa = PBXFileReference; fileEncoding = 4; lastKnownFileType = sourcecode.swift; path = ScrumTimer.swift; sourceTree = "<group>"; };
		0492EA442A1A60A700114DAD /* MeetingHeaderView.swift */ = {isa = PBXFileReference; lastKnownFileType = sourcecode.swift; path = MeetingHeaderView.swift; sourceTree = "<group>"; };
		0492EA462A1A61BC00114DAD /* ScrumProgressViewStyle.swift */ = {isa = PBXFileReference; fileEncoding = 4; lastKnownFileType = sourcecode.swift; path = ScrumProgressViewStyle.swift; sourceTree = "<group>"; };
		0492EA4A2A1A63EE00114DAD /* MeetingFooterView.swift */ = {isa = PBXFileReference; lastKnownFileType = sourcecode.swift; path = MeetingFooterView.swift; sourceTree = "<group>"; };
		0492EA4C2A1A68FD00114DAD /* AVPlayer+Ding.swift */ = {isa = PBXFileReference; fileEncoding = 4; lastKnownFileType = sourcecode.swift; path = "AVPlayer+Ding.swift"; sourceTree = "<group>"; };
		0492EA4E2A1A6A1600114DAD /* NewScrumSheet.swift */ = {isa = PBXFileReference; lastKnownFileType = sourcecode.swift; path = NewScrumSheet.swift; sourceTree = "<group>"; };
		0492EA502A1A6B6F00114DAD /* History.swift */ = {isa = PBXFileReference; lastKnownFileType = sourcecode.swift; path = History.swift; sourceTree = "<group>"; };
		04D460EF2A19AA6A0027A163 /* DetailEditView.swift */ = {isa = PBXFileReference; lastKnownFileType = sourcecode.swift; path = DetailEditView.swift; sourceTree = "<group>"; };
		04D460F12A19AD4D0027A163 /* ThemeView.swift */ = {isa = PBXFileReference; lastKnownFileType = sourcecode.swift; path = ThemeView.swift; sourceTree = "<group>"; };
		04D460F32A19ADAB0027A163 /* ThemePicker.swift */ = {isa = PBXFileReference; lastKnownFileType = sourcecode.swift; path = ThemePicker.swift; sourceTree = "<group>"; };
/* End PBXFileReference section */

/* Begin PBXFrameworksBuildPhase section */
		04043A752A18DC6B00172E63 /* Frameworks */ = {
			isa = PBXFrameworksBuildPhase;
			buildActionMask = 2147483647;
			files = (
			);
			runOnlyForDeploymentPostprocessing = 0;
		};
/* End PBXFrameworksBuildPhase section */

/* Begin PBXGroup section */
		04043A6F2A18DC6B00172E63 = {
			isa = PBXGroup;
			children = (
				04043A7A2A18DC6B00172E63 /* ComposableScrumdinger */,
				04043A792A18DC6B00172E63 /* Products */,
			);
			sourceTree = "<group>";
		};
		04043A792A18DC6B00172E63 /* Products */ = {
			isa = PBXGroup;
			children = (
				04043A782A18DC6B00172E63 /* ComposableScrumdinger.app */,
			);
			name = Products;
			sourceTree = "<group>";
		};
		04043A7A2A18DC6B00172E63 /* ComposableScrumdinger */ = {
			isa = PBXGroup;
			children = (
				04043A7B2A18DC6B00172E63 /* ComposableScrumdingerApp.swift */,
				04621F442A1E42C900D9C769 /* Info.plist */,
				04043A892A18ED7200172E63 /* Models */,
				04621F482A1E452F00D9C769 /* Scenes */,
				04043A7F2A18DC6D00172E63 /* Assets.xcassets */,
				04043A812A18DC6D00172E63 /* Preview Content */,
			);
			path = ComposableScrumdinger;
			sourceTree = "<group>";
		};
		04043A812A18DC6D00172E63 /* Preview Content */ = {
			isa = PBXGroup;
			children = (
				04043A822A18DC6D00172E63 /* Preview Assets.xcassets */,
			);
			path = "Preview Content";
			sourceTree = "<group>";
		};
		04043A892A18ED7200172E63 /* Models */ = {
			isa = PBXGroup;
			children = (
				0492EA4C2A1A68FD00114DAD /* AVPlayer+Ding.swift */,
				04043A8A2A18ED8300172E63 /* Theme.swift */,
				04621F452A1E43D900D9C769 /* SpeechRecognizer.swift */,
				0474212F2A1C24DA00B9B04A /* ScrumTimer.swift */,
				04043A8C2A18EE4200172E63 /* DailyScrum.swift */,
				047421232A1BCF1F00B9B04A /* ScrumStore.swift */,
				047421252A1BE96F00B9B04A /* ErrorWrapper.swift */,
				0492EA502A1A6B6F00114DAD /* History.swift */,
			);
			path = Models;
			sourceTree = "<group>";
		};
		04621F472A1E450000D9C769 /* MeetingView */ = {
			isa = PBXGroup;
			children = (
				04043A7D2A18DC6B00172E63 /* MeetingView.swift */,
				047421292A1C214A00B9B04A /* MeetingTimerView.swift */,
				0492EA462A1A61BC00114DAD /* ScrumProgressViewStyle.swift */,
				0492EA4A2A1A63EE00114DAD /* MeetingFooterView.swift */,
				0492EA442A1A60A700114DAD /* MeetingHeaderView.swift */,
			);
			path = MeetingView;
			sourceTree = "<group>";
		};
		04621F482A1E452F00D9C769 /* Scenes */ = {
			isa = PBXGroup;
			children = (
				04621F4C2A1E48B800D9C769 /* HistoryView */,
				04621F4B2A1E45CA00D9C769 /* HomeScrumView */,
				04621F472A1E450000D9C769 /* MeetingView */,
				04621F492A1E453E00D9C769 /* DetailView */,
				04621F4A2A1E45B300D9C769 /* HelperViews */,
			);
			path = Scenes;
			sourceTree = "<group>";
		};
		04621F492A1E453E00D9C769 /* DetailView */ = {
			isa = PBXGroup;
			children = (
				04043A942A19318100172E63 /* DetailView.swift */,
				04D460EF2A19AA6A0027A163 /* DetailEditView.swift */,
			);
			path = DetailView;
			sourceTree = "<group>";
		};
		04621F4A2A1E45B300D9C769 /* HelperViews */ = {
			isa = PBXGroup;
			children = (
				0474212D2A1C21E000B9B04A /* SpeakerArc.swift */,
				04043A902A18F37D00172E63 /* TrailingIconLabelStyle.swift */,
				04D460F32A19ADAB0027A163 /* ThemePicker.swift */,
				04D460F12A19AD4D0027A163 /* ThemeView.swift */,
				047421272A1BE97D00B9B04A /* ErrorView.swift */,
			);
			path = HelperViews;
			sourceTree = "<group>";
		};
		04621F4B2A1E45CA00D9C769 /* HomeScrumView */ = {
			isa = PBXGroup;
			children = (
				04043A922A18F6D300172E63 /* ScrumsView.swift */,
				0492EA4E2A1A6A1600114DAD /* NewScrumSheet.swift */,
				04043A8E2A18EE9F00172E63 /* CardView.swift */,
			);
			path = HomeScrumView;
			sourceTree = "<group>";
		};
		04621F4C2A1E48B800D9C769 /* HistoryView */ = {
			isa = PBXGroup;
			children = (
				04621F4D2A1E48C900D9C769 /* HistoryView.swift */,
			);
			path = HistoryView;
			sourceTree = "<group>";
		};
/* End PBXGroup section */

/* Begin PBXNativeTarget section */
		04043A772A18DC6B00172E63 /* ComposableScrumdinger */ = {
			isa = PBXNativeTarget;
			buildConfigurationList = 04043A862A18DC6D00172E63 /* Build configuration list for PBXNativeTarget "ComposableScrumdinger" */;
			buildPhases = (
				04043A742A18DC6B00172E63 /* Sources */,
				04043A752A18DC6B00172E63 /* Frameworks */,
				04043A762A18DC6B00172E63 /* Resources */,
			);
			buildRules = (
			);
			dependencies = (
			);
			name = ComposableScrumdinger;
			productName = ComposableScrumdinger;
			productReference = 04043A782A18DC6B00172E63 /* ComposableScrumdinger.app */;
			productType = "com.apple.product-type.application";
		};
/* End PBXNativeTarget section */

/* Begin PBXProject section */
		04043A702A18DC6B00172E63 /* Project object */ = {
			isa = PBXProject;
			attributes = {
				BuildIndependentTargetsInParallel = 1;
				LastSwiftUpdateCheck = 1430;
				LastUpgradeCheck = 1430;
				TargetAttributes = {
					04043A772A18DC6B00172E63 = {
						CreatedOnToolsVersion = 14.3;
					};
				};
			};
			buildConfigurationList = 04043A732A18DC6B00172E63 /* Build configuration list for PBXProject "ComposableScrumdinger" */;
			compatibilityVersion = "Xcode 14.0";
			developmentRegion = en;
			hasScannedForEncodings = 0;
			knownRegions = (
				en,
				Base,
			);
			mainGroup = 04043A6F2A18DC6B00172E63;
			productRefGroup = 04043A792A18DC6B00172E63 /* Products */;
			projectDirPath = "";
			projectRoot = "";
			targets = (
				04043A772A18DC6B00172E63 /* ComposableScrumdinger */,
			);
		};
/* End PBXProject section */

/* Begin PBXResourcesBuildPhase section */
		04043A762A18DC6B00172E63 /* Resources */ = {
			isa = PBXResourcesBuildPhase;
			buildActionMask = 2147483647;
			files = (
				04043A832A18DC6D00172E63 /* Preview Assets.xcassets in Resources */,
				04043A802A18DC6D00172E63 /* Assets.xcassets in Resources */,
			);
			runOnlyForDeploymentPostprocessing = 0;
		};
/* End PBXResourcesBuildPhase section */

/* Begin PBXSourcesBuildPhase section */
		04043A742A18DC6B00172E63 /* Sources */ = {
			isa = PBXSourcesBuildPhase;
			buildActionMask = 2147483647;
			files = (
				0492EA512A1A6B6F00114DAD /* History.swift in Sources */,
				04D460F42A19ADAB0027A163 /* ThemePicker.swift in Sources */,
				0492EA472A1A61BC00114DAD /* ScrumProgressViewStyle.swift in Sources */,
				0492EA4B2A1A63EE00114DAD /* MeetingFooterView.swift in Sources */,
				0474212E2A1C21E000B9B04A /* SpeakerArc.swift in Sources */,
				047421282A1BE97D00B9B04A /* ErrorView.swift in Sources */,
				047421302A1C24DA00B9B04A /* ScrumTimer.swift in Sources */,
				04621F4E2A1E48C900D9C769 /* HistoryView.swift in Sources */,
				0474212A2A1C214A00B9B04A /* MeetingTimerView.swift in Sources */,
				04043A8D2A18EE4200172E63 /* DailyScrum.swift in Sources */,
				04043A952A19318100172E63 /* DetailView.swift in Sources */,
				047421262A1BE96F00B9B04A /* ErrorWrapper.swift in Sources */,
				0492EA452A1A60A700114DAD /* MeetingHeaderView.swift in Sources */,
				04D460F02A19AA6A0027A163 /* DetailEditView.swift in Sources */,
				0492EA4F2A1A6A1600114DAD /* NewScrumSheet.swift in Sources */,
				04043A912A18F37D00172E63 /* TrailingIconLabelStyle.swift in Sources */,
				04043A7E2A18DC6B00172E63 /* MeetingView.swift in Sources */,
				04043A932A18F6D300172E63 /* ScrumsView.swift in Sources */,
				04621F462A1E43D900D9C769 /* SpeechRecognizer.swift in Sources */,
				04043A8B2A18ED8300172E63 /* Theme.swift in Sources */,
				04043A7C2A18DC6B00172E63 /* ComposableScrumdingerApp.swift in Sources */,
				04D460F22A19AD4D0027A163 /* ThemeView.swift in Sources */,
				047421242A1BCF1F00B9B04A /* ScrumStore.swift in Sources */,
				04043A8F2A18EE9F00172E63 /* CardView.swift in Sources */,
				0492EA4D2A1A68FD00114DAD /* AVPlayer+Ding.swift in Sources */,
			);
			runOnlyForDeploymentPostprocessing = 0;
		};
/* End PBXSourcesBuildPhase section */

/* Begin XCBuildConfiguration section */
		04043A842A18DC6D00172E63 /* Debug */ = {
			isa = XCBuildConfiguration;
			buildSettings = {
				ALWAYS_SEARCH_USER_PATHS = NO;
				CLANG_ANALYZER_NONNULL = YES;
				CLANG_ANALYZER_NUMBER_OBJECT_CONVERSION = YES_AGGRESSIVE;
				CLANG_CXX_LANGUAGE_STANDARD = "gnu++20";
				CLANG_ENABLE_MODULES = YES;
				CLANG_ENABLE_OBJC_ARC = YES;
				CLANG_ENABLE_OBJC_WEAK = YES;
				CLANG_WARN_BLOCK_CAPTURE_AUTORELEASING = YES;
				CLANG_WARN_BOOL_CONVERSION = YES;
				CLANG_WARN_COMMA = YES;
				CLANG_WARN_CONSTANT_CONVERSION = YES;
				CLANG_WARN_DEPRECATED_OBJC_IMPLEMENTATIONS = YES;
				CLANG_WARN_DIRECT_OBJC_ISA_USAGE = YES_ERROR;
				CLANG_WARN_DOCUMENTATION_COMMENTS = YES;
				CLANG_WARN_EMPTY_BODY = YES;
				CLANG_WARN_ENUM_CONVERSION = YES;
				CLANG_WARN_INFINITE_RECURSION = YES;
				CLANG_WARN_INT_CONVERSION = YES;
				CLANG_WARN_NON_LITERAL_NULL_CONVERSION = YES;
				CLANG_WARN_OBJC_IMPLICIT_RETAIN_SELF = YES;
				CLANG_WARN_OBJC_LITERAL_CONVERSION = YES;
				CLANG_WARN_OBJC_ROOT_CLASS = YES_ERROR;
				CLANG_WARN_QUOTED_INCLUDE_IN_FRAMEWORK_HEADER = YES;
				CLANG_WARN_RANGE_LOOP_ANALYSIS = YES;
				CLANG_WARN_STRICT_PROTOTYPES = YES;
				CLANG_WARN_SUSPICIOUS_MOVE = YES;
				CLANG_WARN_UNGUARDED_AVAILABILITY = YES_AGGRESSIVE;
				CLANG_WARN_UNREACHABLE_CODE = YES;
				CLANG_WARN__DUPLICATE_METHOD_MATCH = YES;
				COPY_PHASE_STRIP = NO;
				DEBUG_INFORMATION_FORMAT = dwarf;
				ENABLE_STRICT_OBJC_MSGSEND = YES;
				ENABLE_TESTABILITY = YES;
				GCC_C_LANGUAGE_STANDARD = gnu11;
				GCC_DYNAMIC_NO_PIC = NO;
				GCC_NO_COMMON_BLOCKS = YES;
				GCC_OPTIMIZATION_LEVEL = 0;
				GCC_PREPROCESSOR_DEFINITIONS = (
					"DEBUG=1",
					"$(inherited)",
				);
				GCC_WARN_64_TO_32_BIT_CONVERSION = YES;
				GCC_WARN_ABOUT_RETURN_TYPE = YES_ERROR;
				GCC_WARN_UNDECLARED_SELECTOR = YES;
				GCC_WARN_UNINITIALIZED_AUTOS = YES_AGGRESSIVE;
				GCC_WARN_UNUSED_FUNCTION = YES;
				GCC_WARN_UNUSED_VARIABLE = YES;
				IPHONEOS_DEPLOYMENT_TARGET = 16.4;
				MTL_ENABLE_DEBUG_INFO = INCLUDE_SOURCE;
				MTL_FAST_MATH = YES;
				ONLY_ACTIVE_ARCH = YES;
				SDKROOT = iphoneos;
				SWIFT_ACTIVE_COMPILATION_CONDITIONS = DEBUG;
				SWIFT_OPTIMIZATION_LEVEL = "-Onone";
			};
			name = Debug;
		};
		04043A852A18DC6D00172E63 /* Release */ = {
			isa = XCBuildConfiguration;
			buildSettings = {
				ALWAYS_SEARCH_USER_PATHS = NO;
				CLANG_ANALYZER_NONNULL = YES;
				CLANG_ANALYZER_NUMBER_OBJECT_CONVERSION = YES_AGGRESSIVE;
				CLANG_CXX_LANGUAGE_STANDARD = "gnu++20";
				CLANG_ENABLE_MODULES = YES;
				CLANG_ENABLE_OBJC_ARC = YES;
				CLANG_ENABLE_OBJC_WEAK = YES;
				CLANG_WARN_BLOCK_CAPTURE_AUTORELEASING = YES;
				CLANG_WARN_BOOL_CONVERSION = YES;
				CLANG_WARN_COMMA = YES;
				CLANG_WARN_CONSTANT_CONVERSION = YES;
				CLANG_WARN_DEPRECATED_OBJC_IMPLEMENTATIONS = YES;
				CLANG_WARN_DIRECT_OBJC_ISA_USAGE = YES_ERROR;
				CLANG_WARN_DOCUMENTATION_COMMENTS = YES;
				CLANG_WARN_EMPTY_BODY = YES;
				CLANG_WARN_ENUM_CONVERSION = YES;
				CLANG_WARN_INFINITE_RECURSION = YES;
				CLANG_WARN_INT_CONVERSION = YES;
				CLANG_WARN_NON_LITERAL_NULL_CONVERSION = YES;
				CLANG_WARN_OBJC_IMPLICIT_RETAIN_SELF = YES;
				CLANG_WARN_OBJC_LITERAL_CONVERSION = YES;
				CLANG_WARN_OBJC_ROOT_CLASS = YES_ERROR;
				CLANG_WARN_QUOTED_INCLUDE_IN_FRAMEWORK_HEADER = YES;
				CLANG_WARN_RANGE_LOOP_ANALYSIS = YES;
				CLANG_WARN_STRICT_PROTOTYPES = YES;
				CLANG_WARN_SUSPICIOUS_MOVE = YES;
				CLANG_WARN_UNGUARDED_AVAILABILITY = YES_AGGRESSIVE;
				CLANG_WARN_UNREACHABLE_CODE = YES;
				CLANG_WARN__DUPLICATE_METHOD_MATCH = YES;
				COPY_PHASE_STRIP = NO;
				DEBUG_INFORMATION_FORMAT = "dwarf-with-dsym";
				ENABLE_NS_ASSERTIONS = NO;
				ENABLE_STRICT_OBJC_MSGSEND = YES;
				GCC_C_LANGUAGE_STANDARD = gnu11;
				GCC_NO_COMMON_BLOCKS = YES;
				GCC_WARN_64_TO_32_BIT_CONVERSION = YES;
				GCC_WARN_ABOUT_RETURN_TYPE = YES_ERROR;
				GCC_WARN_UNDECLARED_SELECTOR = YES;
				GCC_WARN_UNINITIALIZED_AUTOS = YES_AGGRESSIVE;
				GCC_WARN_UNUSED_FUNCTION = YES;
				GCC_WARN_UNUSED_VARIABLE = YES;
				IPHONEOS_DEPLOYMENT_TARGET = 16.4;
				MTL_ENABLE_DEBUG_INFO = NO;
				MTL_FAST_MATH = YES;
				SDKROOT = iphoneos;
				SWIFT_COMPILATION_MODE = wholemodule;
				SWIFT_OPTIMIZATION_LEVEL = "-O";
				VALIDATE_PRODUCT = YES;
			};
			name = Release;
		};
		04043A872A18DC6D00172E63 /* Debug */ = {
			isa = XCBuildConfiguration;
			buildSettings = {
				ASSETCATALOG_COMPILER_APPICON_NAME = AppIcon;
				ASSETCATALOG_COMPILER_GLOBAL_ACCENT_COLOR_NAME = AccentColor;
				CODE_SIGN_STYLE = Automatic;
				CURRENT_PROJECT_VERSION = 1;
				DEVELOPMENT_ASSET_PATHS = "\"ComposableScrumdinger/Preview Content\"";
				ENABLE_PREVIEWS = YES;
				GENERATE_INFOPLIST_FILE = YES;
				INFOPLIST_FILE = ComposableScrumdinger/Info.plist;
				INFOPLIST_KEY_NSMicrophoneUsageDescription = "Audio is recorded to transcribe the meeting. Audio recordings are discarded after transcription.";
				INFOPLIST_KEY_NSSpeechRecognitionUsageDescription = "You can view a text transcription of your meeting in the app.";
				INFOPLIST_KEY_UIApplicationSceneManifest_Generation = YES;
				INFOPLIST_KEY_UIApplicationSupportsIndirectInputEvents = YES;
				INFOPLIST_KEY_UILaunchScreen_Generation = YES;
				INFOPLIST_KEY_UISupportedInterfaceOrientations_iPad = "UIInterfaceOrientationPortrait UIInterfaceOrientationPortraitUpsideDown UIInterfaceOrientationLandscapeLeft UIInterfaceOrientationLandscapeRight";
				INFOPLIST_KEY_UISupportedInterfaceOrientations_iPhone = "UIInterfaceOrientationPortrait UIInterfaceOrientationLandscapeLeft UIInterfaceOrientationLandscapeRight";
				LD_RUNPATH_SEARCH_PATHS = (
					"$(inherited)",
					"@executable_path/Frameworks",
				);
				MARKETING_VERSION = 1.0;
				PRODUCT_BUNDLE_IDENTIFIER = com.hassan.ComposableScrumdinger;
				PRODUCT_NAME = "$(TARGET_NAME)";
				SWIFT_EMIT_LOC_STRINGS = YES;
				SWIFT_VERSION = 5.0;
				TARGETED_DEVICE_FAMILY = "1,2";
			};
			name = Debug;
		};
		04043A882A18DC6D00172E63 /* Release */ = {
			isa = XCBuildConfiguration;
			buildSettings = {
				ASSETCATALOG_COMPILER_APPICON_NAME = AppIcon;
				ASSETCATALOG_COMPILER_GLOBAL_ACCENT_COLOR_NAME = AccentColor;
				CODE_SIGN_STYLE = Automatic;
				CURRENT_PROJECT_VERSION = 1;
				DEVELOPMENT_ASSET_PATHS = "\"ComposableScrumdinger/Preview Content\"";
				ENABLE_PREVIEWS = YES;
				GENERATE_INFOPLIST_FILE = YES;
				INFOPLIST_FILE = ComposableScrumdinger/Info.plist;
				INFOPLIST_KEY_NSMicrophoneUsageDescription = "Audio is recorded to transcribe the meeting. Audio recordings are discarded after transcription.";
				INFOPLIST_KEY_NSSpeechRecognitionUsageDescription = "You can view a text transcription of your meeting in the app.";
				INFOPLIST_KEY_UIApplicationSceneManifest_Generation = YES;
				INFOPLIST_KEY_UIApplicationSupportsIndirectInputEvents = YES;
				INFOPLIST_KEY_UILaunchScreen_Generation = YES;
				INFOPLIST_KEY_UISupportedInterfaceOrientations_iPad = "UIInterfaceOrientationPortrait UIInterfaceOrientationPortraitUpsideDown UIInterfaceOrientationLandscapeLeft UIInterfaceOrientationLandscapeRight";
				INFOPLIST_KEY_UISupportedInterfaceOrientations_iPhone = "UIInterfaceOrientationPortrait UIInterfaceOrientationLandscapeLeft UIInterfaceOrientationLandscapeRight";
				LD_RUNPATH_SEARCH_PATHS = (
					"$(inherited)",
					"@executable_path/Frameworks",
				);
				MARKETING_VERSION = 1.0;
				PRODUCT_BUNDLE_IDENTIFIER = com.hassan.ComposableScrumdinger;
				PRODUCT_NAME = "$(TARGET_NAME)";
				SWIFT_EMIT_LOC_STRINGS = YES;
				SWIFT_VERSION = 5.0;
				TARGETED_DEVICE_FAMILY = "1,2";
			};
			name = Release;
		};
/* End XCBuildConfiguration section */

/* Begin XCConfigurationList section */
		04043A732A18DC6B00172E63 /* Build configuration list for PBXProject "ComposableScrumdinger" */ = {
			isa = XCConfigurationList;
			buildConfigurations = (
				04043A842A18DC6D00172E63 /* Debug */,
				04043A852A18DC6D00172E63 /* Release */,
			);
			defaultConfigurationIsVisible = 0;
			defaultConfigurationName = Release;
		};
		04043A862A18DC6D00172E63 /* Build configuration list for PBXNativeTarget "ComposableScrumdinger" */ = {
			isa = XCConfigurationList;
			buildConfigurations = (
				04043A872A18DC6D00172E63 /* Debug */,
				04043A882A18DC6D00172E63 /* Release */,
			);
			defaultConfigurationIsVisible = 0;
			defaultConfigurationName = Release;
		};
/* End XCConfigurationList section */
	};
	rootObject = 04043A702A18DC6B00172E63 /* Project object */;
}
